
Microsoft Visual Studio Solution File, Format Version 12.00
# Visual Studio Version 16
VisualStudioVersion = 16.0.30011.22
MinimumVisualStudioVersion = 10.0.40219.1
Project("{FAE04EC0-301F-11D3-BF4B-00C04F79EFBC}") = "MvCrossTestingOne", "MvCrossTestingOne.csproj", "{0E2C0588-FDF2-4F8E-942D-35DE06DE29E9}"
EndProject
Project("{FAE04EC0-301F-11D3-BF4B-00C04F79EFBC}") = "MvCrossTest.wpf", "..\MvCrossTest.wpf\MvCrossTest.wpf.csproj", "{51F0B7A8-B6C9-4892-BC0A-91954A926C73}"
EndProject
Global
	GlobalSection(SolutionConfigurationPlatforms) = preSolution
		Debug|Any CPU = Debug|Any CPU
		Release|Any CPU = Release|Any CPU
	EndGlobalSection
	GlobalSection(ProjectConfigurationPlatforms) = postSolution
		{0E2C0588-FDF2-4F8E-942D-35DE06DE29E9}.Debug|Any CPU.ActiveCfg = Debug|Any CPU
		{0E2C0588-FDF2-4F8E-942D-35DE06DE29E9}.Debug|Any CPU.Build.0 = Debug|Any CPU
		{0E2C0588-FDF2-4F8E-942D-35DE06DE29E9}.Release|Any CPU.ActiveCfg = Release|Any CPU
		{0E2C0588-FDF2-4F8E-942D-35DE06DE29E9}.Release|Any CPU.Build.0 = Release|Any CPU
		{51F0B7A8-B6C9-4892-BC0A-91954A926C73}.Debug|Any CPU.ActiveCfg = Debug|Any CPU
		{51F0B7A8-B6C9-4892-BC0A-91954A926C73}.Debug|Any CPU.Build.0 = Debug|Any CPU
		{51F0B7A8-B6C9-4892-BC0A-91954A926C73}.Release|Any CPU.ActiveCfg = Release|Any CPU
		{51F0B7A8-B6C9-4892-BC0A-91954A926C73}.Release|Any CPU.Build.0 = Release|Any CPU
	EndGlobalSection
	GlobalSection(SolutionProperties) = preSolution
		HideSolutionNode = FALSE
	EndGlobalSection
	GlobalSection(ExtensibilityGlobals) = postSolution
		SolutionGuid = {BDA17EBB-5FAF-49D4-9AA2-E1B36FEA78D7}
	EndGlobalSection
EndGlobal
